// !$*UTF8*$!
{
	archiveVersion = 1;
	classes = {
	};
	objectVersion = 46;
	objects = {

/* Begin PBXBuildFile section */
		BB8EEC631CBCE4A600B3D7B3 /* TMListing.m in Sources */ = {isa = PBXBuildFile; fileRef = BB8EEC621CBCE4A600B3D7B3 /* TMListing.m */; };
		BBA0EBC11CBA714000A94B7A /* TMSubcategoriesTableViewController.m in Sources */ = {isa = PBXBuildFile; fileRef = BBA0EBC01CBA714000A94B7A /* TMSubcategoriesTableViewController.m */; };
		BBA0EBC41CBA872700A94B7A /* TMListingTableViewController.m in Sources */ = {isa = PBXBuildFile; fileRef = BBA0EBC31CBA872700A94B7A /* TMListingTableViewController.m */; };
		BBDDE76C1CB8FD7000572AC0 /* main.m in Sources */ = {isa = PBXBuildFile; fileRef = BBDDE76B1CB8FD7000572AC0 /* main.m */; };
		BBDDE76F1CB8FD7000572AC0 /* AppDelegate.m in Sources */ = {isa = PBXBuildFile; fileRef = BBDDE76E1CB8FD7000572AC0 /* AppDelegate.m */; };
		BBDDE7751CB8FD7000572AC0 /* Main.storyboard in Resources */ = {isa = PBXBuildFile; fileRef = BBDDE7731CB8FD7000572AC0 /* Main.storyboard */; };
		BBDDE7771CB8FD7000572AC0 /* Assets.xcassets in Resources */ = {isa = PBXBuildFile; fileRef = BBDDE7761CB8FD7000572AC0 /* Assets.xcassets */; };
		BBDDE77A1CB8FD7000572AC0 /* LaunchScreen.storyboard in Resources */ = {isa = PBXBuildFile; fileRef = BBDDE7781CB8FD7000572AC0 /* LaunchScreen.storyboard */; };
		BBDDE7861CB90E6F00572AC0 /* TMCategoriesMainTableViewController.m in Sources */ = {isa = PBXBuildFile; fileRef = BBDDE7851CB90E6F00572AC0 /* TMCategoriesMainTableViewController.m */; };
		BBDDE7891CB9112300572AC0 /* TMNetworkDataManager.m in Sources */ = {isa = PBXBuildFile; fileRef = BBDDE7881CB9112300572AC0 /* TMNetworkDataManager.m */; };
		BBDDE78D1CB921D600572AC0 /* TMDataSerializationManager.m in Sources */ = {isa = PBXBuildFile; fileRef = BBDDE78C1CB921D600572AC0 /* TMDataSerializationManager.m */; };
		BBDDE7941CB925D700572AC0 /* TMCategory.m in Sources */ = {isa = PBXBuildFile; fileRef = BBDDE7931CB925D700572AC0 /* TMCategory.m */; };
/* End PBXBuildFile section */

/* Begin PBXFileReference section */
		BB8EEC611CBCE4A600B3D7B3 /* TMListing.h */ = {isa = PBXFileReference; fileEncoding = 4; lastKnownFileType = sourcecode.c.h; path = TMListing.h; sourceTree = "<group>"; };
		BB8EEC621CBCE4A600B3D7B3 /* TMListing.m */ = {isa = PBXFileReference; fileEncoding = 4; lastKnownFileType = sourcecode.c.objc; path = TMListing.m; sourceTree = "<group>"; };
		BBA0EBBF1CBA714000A94B7A /* TMSubcategoriesTableViewController.h */ = {isa = PBXFileReference; fileEncoding = 4; lastKnownFileType = sourcecode.c.h; path = TMSubcategoriesTableViewController.h; sourceTree = "<group>"; };
		BBA0EBC01CBA714000A94B7A /* TMSubcategoriesTableViewController.m */ = {isa = PBXFileReference; fileEncoding = 4; lastKnownFileType = sourcecode.c.objc; path = TMSubcategoriesTableViewController.m; sourceTree = "<group>"; };
		BBA0EBC21CBA872700A94B7A /* TMListingTableViewController.h */ = {isa = PBXFileReference; fileEncoding = 4; lastKnownFileType = sourcecode.c.h; path = TMListingTableViewController.h; sourceTree = "<group>"; };
		BBA0EBC31CBA872700A94B7A /* TMListingTableViewController.m */ = {isa = PBXFileReference; fileEncoding = 4; lastKnownFileType = sourcecode.c.objc; path = TMListingTableViewController.m; sourceTree = "<group>"; };
		BBDDE7671CB8FD7000572AC0 /* trademe.app */ = {isa = PBXFileReference; explicitFileType = wrapper.application; includeInIndex = 0; path = trademe.app; sourceTree = BUILT_PRODUCTS_DIR; };
		BBDDE76B1CB8FD7000572AC0 /* main.m */ = {isa = PBXFileReference; lastKnownFileType = sourcecode.c.objc; path = main.m; sourceTree = "<group>"; };
		BBDDE76D1CB8FD7000572AC0 /* AppDelegate.h */ = {isa = PBXFileReference; lastKnownFileType = sourcecode.c.h; path = AppDelegate.h; sourceTree = "<group>"; };
		BBDDE76E1CB8FD7000572AC0 /* AppDelegate.m */ = {isa = PBXFileReference; lastKnownFileType = sourcecode.c.objc; path = AppDelegate.m; sourceTree = "<group>"; };
		BBDDE7741CB8FD7000572AC0 /* Base */ = {isa = PBXFileReference; lastKnownFileType = file.storyboard; name = Base; path = Base.lproj/Main.storyboard; sourceTree = "<group>"; };
		BBDDE7761CB8FD7000572AC0 /* Assets.xcassets */ = {isa = PBXFileReference; lastKnownFileType = folder.assetcatalog; path = Assets.xcassets; sourceTree = "<group>"; };
		BBDDE7791CB8FD7000572AC0 /* Base */ = {isa = PBXFileReference; lastKnownFileType = file.storyboard; name = Base; path = Base.lproj/LaunchScreen.storyboard; sourceTree = "<group>"; };
		BBDDE77B1CB8FD7000572AC0 /* Info.plist */ = {isa = PBXFileReference; lastKnownFileType = text.plist.xml; path = Info.plist; sourceTree = "<group>"; };
		BBDDE7841CB90E6F00572AC0 /* TMCategoriesMainTableViewController.h */ = {isa = PBXFileReference; fileEncoding = 4; lastKnownFileType = sourcecode.c.h; path = TMCategoriesMainTableViewController.h; sourceTree = "<group>"; };
		BBDDE7851CB90E6F00572AC0 /* TMCategoriesMainTableViewController.m */ = {isa = PBXFileReference; fileEncoding = 4; lastKnownFileType = sourcecode.c.objc; path = TMCategoriesMainTableViewController.m; sourceTree = "<group>"; };
		BBDDE7871CB9112300572AC0 /* TMNetworkDataManager.h */ = {isa = PBXFileReference; fileEncoding = 4; lastKnownFileType = sourcecode.c.h; path = TMNetworkDataManager.h; sourceTree = "<group>"; };
		BBDDE7881CB9112300572AC0 /* TMNetworkDataManager.m */ = {isa = PBXFileReference; fileEncoding = 4; lastKnownFileType = sourcecode.c.objc; path = TMNetworkDataManager.m; sourceTree = "<group>"; };
		BBDDE78B1CB921D600572AC0 /* TMDataSerializationManager.h */ = {isa = PBXFileReference; fileEncoding = 4; lastKnownFileType = sourcecode.c.h; path = TMDataSerializationManager.h; sourceTree = "<group>"; };
		BBDDE78C1CB921D600572AC0 /* TMDataSerializationManager.m */ = {isa = PBXFileReference; fileEncoding = 4; lastKnownFileType = sourcecode.c.objc; path = TMDataSerializationManager.m; sourceTree = "<group>"; };
		BBDDE7921CB925D700572AC0 /* TMCategory.h */ = {isa = PBXFileReference; fileEncoding = 4; lastKnownFileType = sourcecode.c.h; path = TMCategory.h; sourceTree = "<group>"; };
		BBDDE7931CB925D700572AC0 /* TMCategory.m */ = {isa = PBXFileReference; fileEncoding = 4; lastKnownFileType = sourcecode.c.objc; path = TMCategory.m; sourceTree = "<group>"; };
/* End PBXFileReference section */

/* Begin PBXFrameworksBuildPhase section */
		BBDDE7641CB8FD7000572AC0 /* Frameworks */ = {
			isa = PBXFrameworksBuildPhase;
			buildActionMask = 2147483647;
			files = (
			);
			runOnlyForDeploymentPostprocessing = 0;
		};
/* End PBXFrameworksBuildPhase section */

/* Begin PBXGroup section */
		BBDDE75E1CB8FD7000572AC0 = {
			isa = PBXGroup;
			children = (
				BBDDE7691CB8FD7000572AC0 /* trademe */,
				BBDDE7681CB8FD7000572AC0 /* Products */,
			);
			sourceTree = "<group>";
		};
		BBDDE7681CB8FD7000572AC0 /* Products */ = {
			isa = PBXGroup;
			children = (
				BBDDE7671CB8FD7000572AC0 /* trademe.app */,
			);
			name = Products;
			sourceTree = "<group>";
		};
		BBDDE7691CB8FD7000572AC0 /* trademe */ = {
			isa = PBXGroup;
			children = (
				BBDDE76D1CB8FD7000572AC0 /* AppDelegate.h */,
				BBDDE76E1CB8FD7000572AC0 /* AppDelegate.m */,
				BBDDE7911CB9240700572AC0 /* Model */,
				BBDDE78A1CB9119400572AC0 /* Network & Data */,
				BBA0EBC21CBA872700A94B7A /* TMListingTableViewController.h */,
				BBA0EBC31CBA872700A94B7A /* TMListingTableViewController.m */,
				BBA0EBBF1CBA714000A94B7A /* TMSubcategoriesTableViewController.h */,
				BBA0EBC01CBA714000A94B7A /* TMSubcategoriesTableViewController.m */,
				BBDDE7841CB90E6F00572AC0 /* TMCategoriesMainTableViewController.h */,
				BBDDE7851CB90E6F00572AC0 /* TMCategoriesMainTableViewController.m */,
				BBDDE7731CB8FD7000572AC0 /* Main.storyboard */,
				BBDDE7761CB8FD7000572AC0 /* Assets.xcassets */,
				BBDDE7781CB8FD7000572AC0 /* LaunchScreen.storyboard */,
				BBDDE77B1CB8FD7000572AC0 /* Info.plist */,
				BBDDE76A1CB8FD7000572AC0 /* Supporting Files */,
			);
			path = trademe;
			sourceTree = "<group>";
		};
		BBDDE76A1CB8FD7000572AC0 /* Supporting Files */ = {
			isa = PBXGroup;
			children = (
				BBDDE76B1CB8FD7000572AC0 /* main.m */,
			);
			name = "Supporting Files";
			sourceTree = "<group>";
		};
		BBDDE78A1CB9119400572AC0 /* Network & Data */ = {
			isa = PBXGroup;
			children = (
				BBDDE7871CB9112300572AC0 /* TMNetworkDataManager.h */,
				BBDDE7881CB9112300572AC0 /* TMNetworkDataManager.m */,
				BBDDE78B1CB921D600572AC0 /* TMDataSerializationManager.h */,
				BBDDE78C1CB921D600572AC0 /* TMDataSerializationManager.m */,
			);
			name = "Network & Data";
			sourceTree = "<group>";
		};
		BBDDE7911CB9240700572AC0 /* Model */ = {
			isa = PBXGroup;
			children = (
				BBDDE7921CB925D700572AC0 /* TMCategory.h */,
				BBDDE7931CB925D700572AC0 /* TMCategory.m */,
				BB8EEC611CBCE4A600B3D7B3 /* TMListing.h */,
				BB8EEC621CBCE4A600B3D7B3 /* TMListing.m */,
			);
			name = Model;
			sourceTree = "<group>";
		};
/* End PBXGroup section */

/* Begin PBXNativeTarget section */
		BBDDE7661CB8FD7000572AC0 /* trademe */ = {
			isa = PBXNativeTarget;
			buildConfigurationList = BBDDE77E1CB8FD7000572AC0 /* Build configuration list for PBXNativeTarget "trademe" */;
			buildPhases = (
				BBDDE7631CB8FD7000572AC0 /* Sources */,
				BBDDE7641CB8FD7000572AC0 /* Frameworks */,
				BBDDE7651CB8FD7000572AC0 /* Resources */,
			);
			buildRules = (
			);
			dependencies = (
			);
			name = trademe;
			productName = trademe;
			productReference = BBDDE7671CB8FD7000572AC0 /* trademe.app */;
			productType = "com.apple.product-type.application";
		};
/* End PBXNativeTarget section */

/* Begin PBXProject section */
		BBDDE75F1CB8FD7000572AC0 /* Project object */ = {
			isa = PBXProject;
			attributes = {
				LastUpgradeCheck = 0730;
				ORGANIZATIONNAME = "David Lashkhi";
				TargetAttributes = {
					BBDDE7661CB8FD7000572AC0 = {
						CreatedOnToolsVersion = 7.3;
					};
				};
			};
			buildConfigurationList = BBDDE7621CB8FD7000572AC0 /* Build configuration list for PBXProject "trademe" */;
			compatibilityVersion = "Xcode 3.2";
			developmentRegion = English;
			hasScannedForEncodings = 0;
			knownRegions = (
				en,
				Base,
			);
			mainGroup = BBDDE75E1CB8FD7000572AC0;
			productRefGroup = BBDDE7681CB8FD7000572AC0 /* Products */;
			projectDirPath = "";
			projectRoot = "";
			targets = (
				BBDDE7661CB8FD7000572AC0 /* trademe */,
			);
		};
/* End PBXProject section */

/* Begin PBXResourcesBuildPhase section */
		BBDDE7651CB8FD7000572AC0 /* Resources */ = {
			isa = PBXResourcesBuildPhase;
			buildActionMask = 2147483647;
			files = (
				BBDDE77A1CB8FD7000572AC0 /* LaunchScreen.storyboard in Resources */,
				BBDDE7771CB8FD7000572AC0 /* Assets.xcassets in Resources */,
				BBDDE7751CB8FD7000572AC0 /* Main.storyboard in Resources */,
			);
			runOnlyForDeploymentPostprocessing = 0;
		};
/* End PBXResourcesBuildPhase section */

/* Begin PBXSourcesBuildPhase section */
		BBDDE7631CB8FD7000572AC0 /* Sources */ = {
			isa = PBXSourcesBuildPhase;
			buildActionMask = 2147483647;
			files = (
				BBDDE76F1CB8FD7000572AC0 /* AppDelegate.m in Sources */,
				BBDDE7941CB925D700572AC0 /* TMCategory.m in Sources */,
				BBDDE76C1CB8FD7000572AC0 /* main.m in Sources */,
				BBA0EBC41CBA872700A94B7A /* TMListingTableViewController.m in Sources */,
				BBDDE78D1CB921D600572AC0 /* TMDataSerializationManager.m in Sources */,
				BBDDE7891CB9112300572AC0 /* TMNetworkDataManager.m in Sources */,
				BB8EEC631CBCE4A600B3D7B3 /* TMListing.m in Sources */,
				BBDDE7861CB90E6F00572AC0 /* TMCategoriesMainTableViewController.m in Sources */,
				BBA0EBC11CBA714000A94B7A /* TMSubcategoriesTableViewController.m in Sources */,
			);
			runOnlyForDeploymentPostprocessing = 0;
		};
/* End PBXSourcesBuildPhase section */

/* Begin PBXVariantGroup section */
		BBDDE7731CB8FD7000572AC0 /* Main.storyboard */ = {
			isa = PBXVariantGroup;
			children = (
				BBDDE7741CB8FD7000572AC0 /* Base */,
			);
			name = Main.storyboard;
			sourceTree = "<group>";
		};
		BBDDE7781CB8FD7000572AC0 /* LaunchScreen.storyboard */ = {
			isa = PBXVariantGroup;
			children = (
				BBDDE7791CB8FD7000572AC0 /* Base */,
			);
			name = LaunchScreen.storyboard;
			sourceTree = "<group>";
		};
/* End PBXVariantGroup section */

/* Begin XCBuildConfiguration section */
		BBDDE77C1CB8FD7000572AC0 /* Debug */ = {
			isa = XCBuildConfiguration;
			buildSettings = {
				ALWAYS_SEARCH_USER_PATHS = NO;
				CLANG_ANALYZER_NONNULL = YES;
				CLANG_CXX_LANGUAGE_STANDARD = "gnu++0x";
				CLANG_CXX_LIBRARY = "libc++";
				CLANG_ENABLE_MODULES = YES;
				CLANG_ENABLE_OBJC_ARC = YES;
				CLANG_WARN_BOOL_CONVERSION = YES;
				CLANG_WARN_CONSTANT_CONVERSION = YES;
				CLANG_WARN_DIRECT_OBJC_ISA_USAGE = YES_ERROR;
				CLANG_WARN_EMPTY_BODY = YES;
				CLANG_WARN_ENUM_CONVERSION = YES;
				CLANG_WARN_INT_CONVERSION = YES;
				CLANG_WARN_OBJC_ROOT_CLASS = YES_ERROR;
				CLANG_WARN_UNREACHABLE_CODE = YES;
				CLANG_WARN__DUPLICATE_METHOD_MATCH = YES;
				"CODE_SIGN_IDENTITY[sdk=iphoneos*]" = "iPhone Developer";
				COPY_PHASE_STRIP = NO;
				DEBUG_INFORMATION_FORMAT = dwarf;
				ENABLE_STRICT_OBJC_MSGSEND = YES;
				ENABLE_TESTABILITY = YES;
				GCC_C_LANGUAGE_STANDARD = gnu99;
				GCC_DYNAMIC_NO_PIC = NO;
				GCC_NO_COMMON_BLOCKS = YES;
				GCC_OPTIMIZATION_LEVEL = 0;
				GCC_PREPROCESSOR_DEFINITIONS = (
					"DEBUG=1",
					"$(inherited)",
				);
				GCC_WARN_64_TO_32_BIT_CONVERSION = YES;
				GCC_WARN_ABOUT_RETURN_TYPE = YES_ERROR;
				GCC_WARN_UNDECLARED_SELECTOR = YES;
				GCC_WARN_UNINITIALIZED_AUTOS = YES_AGGRESSIVE;
				GCC_WARN_UNUSED_FUNCTION = YES;
				GCC_WARN_UNUSED_VARIABLE = YES;
				IPHONEOS_DEPLOYMENT_TARGET = 9.3;
				MTL_ENABLE_DEBUG_INFO = YES;
				ONLY_ACTIVE_ARCH = YES;
				SDKROOT = iphoneos;
				TARGETED_DEVICE_FAMILY = "1,2";
			};
			name = Debug;
		};
		BBDDE77D1CB8FD7000572AC0 /* Release */ = {
			isa = XCBuildConfiguration;
			buildSettings = {
				ALWAYS_SEARCH_USER_PATHS = NO;
				CLANG_ANALYZER_NONNULL = YES;
				CLANG_CXX_LANGUAGE_STANDARD = "gnu++0x";
				CLANG_CXX_LIBRARY = "libc++";
				CLANG_ENABLE_MODULES = YES;
				CLANG_ENABLE_OBJC_ARC = YES;
				CLANG_WARN_BOOL_CONVERSION = YES;
				CLANG_WARN_CONSTANT_CONVERSION = YES;
				CLANG_WARN_DIRECT_OBJC_ISA_USAGE = YES_ERROR;
				CLANG_WARN_EMPTY_BODY = YES;
				CLANG_WARN_ENUM_CONVERSION = YES;
				CLANG_WARN_INT_CONVERSION = YES;
				CLANG_WARN_OBJC_ROOT_CLASS = YES_ERROR;
				CLANG_WARN_UNREACHABLE_CODE = YES;
				CLANG_WARN__DUPLICATE_METHOD_MATCH = YES;
				"CODE_SIGN_IDENTITY[sdk=iphoneos*]" = "iPhone Developer";
				COPY_PHASE_STRIP = NO;
				DEBUG_INFORMATION_FORMAT = "dwarf-with-dsym";
				ENABLE_NS_ASSERTIONS = NO;
				ENABLE_STRICT_OBJC_MSGSEND = YES;
				GCC_C_LANGUAGE_STANDARD = gnu99;
				GCC_NO_COMMON_BLOCKS = YES;
				GCC_WARN_64_TO_32_BIT_CONVERSION = YES;
				GCC_WARN_ABOUT_RETURN_TYPE = YES_ERROR;
				GCC_WARN_UNDECLARED_SELECTOR = YES;
				GCC_WARN_UNINITIALIZED_AUTOS = YES_AGGRESSIVE;
				GCC_WARN_UNUSED_FUNCTION = YES;
				GCC_WARN_UNUSED_VARIABLE = YES;
				IPHONEOS_DEPLOYMENT_TARGET = 9.3;
				MTL_ENABLE_DEBUG_INFO = NO;
				SDKROOT = iphoneos;
				TARGETED_DEVICE_FAMILY = "1,2";
				VALIDATE_PRODUCT = YES;
			};
			name = Release;
		};
		BBDDE77F1CB8FD7000572AC0 /* Debug */ = {
			isa = XCBuildConfiguration;
			buildSettings = {
				ASSETCATALOG_COMPILER_APPICON_NAME = AppIcon;
				INFOPLIST_FILE = trademe/Info.plist;
				LD_RUNPATH_SEARCH_PATHS = "$(inherited) @executable_path/Frameworks";
				PRODUCT_BUNDLE_IDENTIFIER = com.davidlashkhi.trademe;
				PRODUCT_NAME = "$(TARGET_NAME)";
			};
			name = Debug;
		};
		BBDDE7801CB8FD7000572AC0 /* Release */ = {
			isa = XCBuildConfiguration;
			buildSettings = {
				ASSETCATALOG_COMPILER_APPICON_NAME = AppIcon;
				INFOPLIST_FILE = trademe/Info.plist;
				LD_RUNPATH_SEARCH_PATHS = "$(inherited) @executable_path/Frameworks";
				PRODUCT_BUNDLE_IDENTIFIER = com.davidlashkhi.trademe;
				PRODUCT_NAME = "$(TARGET_NAME)";
			};
			name = Release;
		};
/* End XCBuildConfiguration section */

/* Begin XCConfigurationList section */
		BBDDE7621CB8FD7000572AC0 /* Build configuration list for PBXProject "trademe" */ = {
			isa = XCConfigurationList;
			buildConfigurations = (
				BBDDE77C1CB8FD7000572AC0 /* Debug */,
				BBDDE77D1CB8FD7000572AC0 /* Release */,
			);
			defaultConfigurationIsVisible = 0;
			defaultConfigurationName = Release;
		};
		BBDDE77E1CB8FD7000572AC0 /* Build configuration list for PBXNativeTarget "trademe" */ = {
			isa = XCConfigurationList;
			buildConfigurations = (
				BBDDE77F1CB8FD7000572AC0 /* Debug */,
				BBDDE7801CB8FD7000572AC0 /* Release */,
			);
			defaultConfigurationIsVisible = 0;
			defaultConfigurationName = Release;
		};
/* End XCConfigurationList section */
	};
	rootObject = BBDDE75F1CB8FD7000572AC0 /* Project object */;
}
